
Microsoft Visual Studio Solution File, Format Version 12.00
Project("{FAE04EC0-301F-11D3-BF4B-00C04F79EFBC}") = "photo-render.Api", "photo-render.Api\photo-render.Api.csproj", "{29370A9E-408D-4FA8-8096-4EF9679CD234}"
EndProject
Project("{FAE04EC0-301F-11D3-BF4B-00C04F79EFBC}") = "photo-render.Window", "photo-render.Window\photo-render.Window.csproj", "{6F6759EC-140D-442C-A704-055F1E4BDD10}"
EndProject
Global
	GlobalSection(SolutionConfigurationPlatforms) = preSolution
		Debug|Any CPU = Debug|Any CPU
		Release|Any CPU = Release|Any CPU
	EndGlobalSection
	GlobalSection(ProjectConfigurationPlatforms) = postSolution
		{29370A9E-408D-4FA8-8096-4EF9679CD234}.Debug|Any CPU.ActiveCfg = Debug|Any CPU
		{29370A9E-408D-4FA8-8096-4EF9679CD234}.Debug|Any CPU.Build.0 = Debug|Any CPU
		{29370A9E-408D-4FA8-8096-4EF9679CD234}.Release|Any CPU.ActiveCfg = Release|Any CPU
		{29370A9E-408D-4FA8-8096-4EF9679CD234}.Release|Any CPU.Build.0 = Release|Any CPU
		{6F6759EC-140D-442C-A704-055F1E4BDD10}.Debug|Any CPU.ActiveCfg = Debug|Any CPU
		{6F6759EC-140D-442C-A704-055F1E4BDD10}.Debug|Any CPU.Build.0 = Debug|Any CPU
		{6F6759EC-140D-442C-A704-055F1E4BDD10}.Release|Any CPU.ActiveCfg = Release|Any CPU
		{6F6759EC-140D-442C-A704-055F1E4BDD10}.Release|Any CPU.Build.0 = Release|Any CPU
	EndGlobalSection
EndGlobal
